
Microsoft Visual Studio Solution File, Format Version 12.00
# Visual Studio Version 17
VisualStudioVersion = 17.8.34309.116
MinimumVisualStudioVersion = 10.0.40219.1
Project("{FAE04EC0-301F-11D3-BF4B-00C04F79EFBC}") = "ProductsMinimalAPI", "ProductsMinimalAPI\ProductsMinimalAPI.csproj", "{16F62501-419C-4FD7-98A2-D134A60D6793}"
EndProject
Global
	GlobalSection(SolutionConfigurationPlatforms) = preSolution
		Debug|Any CPU = Debug|Any CPU
		Release|Any CPU = Release|Any CPU
	EndGlobalSection
	GlobalSection(ProjectConfigurationPlatforms) = postSolution
		{16F62501-419C-4FD7-98A2-D134A60D6793}.Debug|Any CPU.ActiveCfg = Debug|Any CPU
		{16F62501-419C-4FD7-98A2-D134A60D6793}.Debug|Any CPU.Build.0 = Debug|Any CPU
		{16F62501-419C-4FD7-98A2-D134A60D6793}.Release|Any CPU.ActiveCfg = Release|Any CPU
		{16F62501-419C-4FD7-98A2-D134A60D6793}.Release|Any CPU.Build.0 = Release|Any CPU
	EndGlobalSection
	GlobalSection(SolutionProperties) = preSolution
		HideSolutionNode = FALSE
	EndGlobalSection
	GlobalSection(ExtensibilityGlobals) = postSolution
		SolutionGuid = {694F07F9-279F-4D41-9509-5E120680D5D5}
	EndGlobalSection
EndGlobal
